// !$*UTF8*$!
{
	archiveVersion = 1;
	classes = {
	};
	objectVersion = 50;
	objects = {

/* Begin PBXBuildFile section */
		7A210A4A243DE304002107B7 /* AddEntertainmentViewController.swift in Sources */ = {isa = PBXBuildFile; fileRef = 7A210A49243DE304002107B7 /* AddEntertainmentViewController.swift */; };
		7A21F2622439C52900F01389 /* ExpenseHistoryViewController.swift in Sources */ = {isa = PBXBuildFile; fileRef = 7A21F2612439C52900F01389 /* ExpenseHistoryViewController.swift */; };
		7A21F2642439C65C00F01389 /* ExpenseTableViewCell.swift in Sources */ = {isa = PBXBuildFile; fileRef = 7A21F2632439C65C00F01389 /* ExpenseTableViewCell.swift */; };
		7A39AE5B243F324200CDE96E /* EditEntertainmentViewController.swift in Sources */ = {isa = PBXBuildFile; fileRef = 7A39AE5A243F324200CDE96E /* EditEntertainmentViewController.swift */; };
		7A58E8FF243B8ED300D83986 /* AddExpenseViewController.swift in Sources */ = {isa = PBXBuildFile; fileRef = 7A58E8FE243B8ED300D83986 /* AddExpenseViewController.swift */; };
		7A58E901243BA67100D83986 /* ExpenseDetailViewController.swift in Sources */ = {isa = PBXBuildFile; fileRef = 7A58E900243BA67100D83986 /* ExpenseDetailViewController.swift */; };
		7AA49579243730F0007692E4 /* AppDelegate.swift in Sources */ = {isa = PBXBuildFile; fileRef = 7AA49578243730F0007692E4 /* AppDelegate.swift */; };
		7AA4957B243730F0007692E4 /* SceneDelegate.swift in Sources */ = {isa = PBXBuildFile; fileRef = 7AA4957A243730F0007692E4 /* SceneDelegate.swift */; };
		7AA4957D243730F0007692E4 /* DashboardController.swift in Sources */ = {isa = PBXBuildFile; fileRef = 7AA4957C243730F0007692E4 /* DashboardController.swift */; };
		7AA49580243730F0007692E4 /* Main.storyboard in Resources */ = {isa = PBXBuildFile; fileRef = 7AA4957E243730F0007692E4 /* Main.storyboard */; };
		7AA49583243730F0007692E4 /* FuelLife.xcdatamodeld in Sources */ = {isa = PBXBuildFile; fileRef = 7AA49581243730F0007692E4 /* FuelLife.xcdatamodeld */; };
		7AA49585243730F1007692E4 /* Assets.xcassets in Resources */ = {isa = PBXBuildFile; fileRef = 7AA49584243730F1007692E4 /* Assets.xcassets */; };
		7AA49588243730F1007692E4 /* LaunchScreen.storyboard in Resources */ = {isa = PBXBuildFile; fileRef = 7AA49586243730F1007692E4 /* LaunchScreen.storyboard */; };
		7AA495CB24377A5A007692E4 /* PeriodRepository.swift in Sources */ = {isa = PBXBuildFile; fileRef = 7AA495CA24377A5A007692E4 /* PeriodRepository.swift */; };
		7AA495CD243783EE007692E4 /* EntertainmentRepository.swift in Sources */ = {isa = PBXBuildFile; fileRef = 7AA495CC243783EE007692E4 /* EntertainmentRepository.swift */; };
		7AA495CF243786B6007692E4 /* ExpenseRepository.swift in Sources */ = {isa = PBXBuildFile; fileRef = 7AA495CE243786B6007692E4 /* ExpenseRepository.swift */; };
		7ABDE8C4243C67A400B2F611 /* EditExpenseViewController.swift in Sources */ = {isa = PBXBuildFile; fileRef = 7ABDE8C3243C67A400B2F611 /* EditExpenseViewController.swift */; };
		7ABDE8C7243C7FE300B2F611 /* UIColorExtension.swift in Sources */ = {isa = PBXBuildFile; fileRef = 7ABDE8C6243C7FE300B2F611 /* UIColorExtension.swift */; };
		7ABDE8CA243C86F100B2F611 /* CurrencyFormatter.swift in Sources */ = {isa = PBXBuildFile; fileRef = 7ABDE8C9243C86F100B2F611 /* CurrencyFormatter.swift */; };
		8D42D6382441EA70000ABA45 /* PreferencesOnboardingCell.swift in Sources */ = {isa = PBXBuildFile; fileRef = 8D42D6362441EA70000ABA45 /* PreferencesOnboardingCell.swift */; };
		8D42D6392441EA70000ABA45 /* PreferencesOnboardingCell.xib in Resources */ = {isa = PBXBuildFile; fileRef = 8D42D6372441EA70000ABA45 /* PreferencesOnboardingCell.xib */; };
		8DEDFB51243F16C500623CCA /* OnboardingViewController.swift in Sources */ = {isa = PBXBuildFile; fileRef = 8DEDFB50243F16C500623CCA /* OnboardingViewController.swift */; };
		BA02EF7224408EA00082BA83 /* EntertainmentPreferenceTableViewCell.swift in Sources */ = {isa = PBXBuildFile; fileRef = BA02EF7124408EA00082BA83 /* EntertainmentPreferenceTableViewCell.swift */; };
		BA1EB7BA2442CEE700248DBC /* BudgetDetailTableViewController.swift in Sources */ = {isa = PBXBuildFile; fileRef = BA1EB7B92442CEE700248DBC /* BudgetDetailTableViewController.swift */; };
		BA1EB7BC2442D11000248DBC /* BudgetViewController.swift in Sources */ = {isa = PBXBuildFile; fileRef = BA1EB7BB2442D11000248DBC /* BudgetViewController.swift */; };
		BA1EB7BF2443277200248DBC /* Budget.swift in Sources */ = {isa = PBXBuildFile; fileRef = BA1EB7BE2443277200248DBC /* Budget.swift */; };
		BA29EA16243D107500CAA028 /* RecommendationTableViewCell.swift in Sources */ = {isa = PBXBuildFile; fileRef = BA29EA15243D107500CAA028 /* RecommendationTableViewCell.swift */; };
		BA43174D243D9CEA00E8F4A3 /* ProgressBudgetTableViewCell.swift in Sources */ = {isa = PBXBuildFile; fileRef = BA43174C243D9CEA00E8F4A3 /* ProgressBudgetTableViewCell.swift */; };
		BA43174F243DA82A00E8F4A3 /* BudgetChartTableViewCell.swift in Sources */ = {isa = PBXBuildFile; fileRef = BA43174E243DA82A00E8F4A3 /* BudgetChartTableViewCell.swift */; };
		BA4CC3AE243E19370040875D /* LastExpensesTableViewCell.swift in Sources */ = {isa = PBXBuildFile; fileRef = BA4CC3AD243E19370040875D /* LastExpensesTableViewCell.swift */; };
		BA4CC3B0243E2D450040875D /* TopStoriesDashboardTableViewCell.swift in Sources */ = {isa = PBXBuildFile; fileRef = BA4CC3AF243E2D450040875D /* TopStoriesDashboardTableViewCell.swift */; };
		BA5CF05B2441458B00059C50 /* PreferenceTableViewController.swift in Sources */ = {isa = PBXBuildFile; fileRef = BA5CF05A2441458B00059C50 /* PreferenceTableViewController.swift */; };
		BA644A5D243C2D2700AA3B4A /* RecommendationCollectionViewCell.swift in Sources */ = {isa = PBXBuildFile; fileRef = BA644A5B243C2D2700AA3B4A /* RecommendationCollectionViewCell.swift */; };
		BA644A5E243C2D2700AA3B4A /* RecommendationCollectionViewCell.xib in Resources */ = {isa = PBXBuildFile; fileRef = BA644A5C243C2D2700AA3B4A /* RecommendationCollectionViewCell.xib */; };
		BA8BB57B2440AF9F00983EC6 /* EntertainmentTableViewController.swift in Sources */ = {isa = PBXBuildFile; fileRef = BA8BB57A2440AF9F00983EC6 /* EntertainmentTableViewController.swift */; };
		BADD6E94244247FE0073FC7D /* RefreshDataDelegate.swift in Sources */ = {isa = PBXBuildFile; fileRef = BADD6E93244247FE0073FC7D /* RefreshDataDelegate.swift */; };
		F00613A8243DC32E00A74F2E /* ChartImageView.swift in Sources */ = {isa = PBXBuildFile; fileRef = F00613A7243DC32E00A74F2E /* ChartImageView.swift */; };
/* End PBXBuildFile section */

/* Begin PBXFileReference section */
		7A210A49243DE304002107B7 /* AddEntertainmentViewController.swift */ = {isa = PBXFileReference; lastKnownFileType = sourcecode.swift; path = AddEntertainmentViewController.swift; sourceTree = "<group>"; };
		7A21F2612439C52900F01389 /* ExpenseHistoryViewController.swift */ = {isa = PBXFileReference; lastKnownFileType = sourcecode.swift; path = ExpenseHistoryViewController.swift; sourceTree = "<group>"; };
		7A21F2632439C65C00F01389 /* ExpenseTableViewCell.swift */ = {isa = PBXFileReference; lastKnownFileType = sourcecode.swift; path = ExpenseTableViewCell.swift; sourceTree = "<group>"; };
		7A39AE5A243F324200CDE96E /* EditEntertainmentViewController.swift */ = {isa = PBXFileReference; lastKnownFileType = sourcecode.swift; path = EditEntertainmentViewController.swift; sourceTree = "<group>"; };
		7A58E8FE243B8ED300D83986 /* AddExpenseViewController.swift */ = {isa = PBXFileReference; lastKnownFileType = sourcecode.swift; path = AddExpenseViewController.swift; sourceTree = "<group>"; };
		7A58E900243BA67100D83986 /* ExpenseDetailViewController.swift */ = {isa = PBXFileReference; lastKnownFileType = sourcecode.swift; path = ExpenseDetailViewController.swift; sourceTree = "<group>"; };
		7AA49575243730F0007692E4 /* Kuy!.app */ = {isa = PBXFileReference; explicitFileType = wrapper.application; includeInIndex = 0; path = "Kuy!.app"; sourceTree = BUILT_PRODUCTS_DIR; };
		7AA49578243730F0007692E4 /* AppDelegate.swift */ = {isa = PBXFileReference; lastKnownFileType = sourcecode.swift; path = AppDelegate.swift; sourceTree = "<group>"; };
		7AA4957A243730F0007692E4 /* SceneDelegate.swift */ = {isa = PBXFileReference; lastKnownFileType = sourcecode.swift; path = SceneDelegate.swift; sourceTree = "<group>"; };
		7AA4957C243730F0007692E4 /* DashboardController.swift */ = {isa = PBXFileReference; lastKnownFileType = sourcecode.swift; path = DashboardController.swift; sourceTree = "<group>"; };
		7AA4957F243730F0007692E4 /* Base */ = {isa = PBXFileReference; lastKnownFileType = file.storyboard; name = Base; path = Base.lproj/Main.storyboard; sourceTree = "<group>"; };
		7AA49582243730F0007692E4 /* FuelLife.xcdatamodel */ = {isa = PBXFileReference; lastKnownFileType = wrapper.xcdatamodel; path = FuelLife.xcdatamodel; sourceTree = "<group>"; };
		7AA49584243730F1007692E4 /* Assets.xcassets */ = {isa = PBXFileReference; lastKnownFileType = folder.assetcatalog; path = Assets.xcassets; sourceTree = "<group>"; };
		7AA49587243730F1007692E4 /* Base */ = {isa = PBXFileReference; lastKnownFileType = file.storyboard; name = Base; path = Base.lproj/LaunchScreen.storyboard; sourceTree = "<group>"; };
		7AA49589243730F1007692E4 /* Info.plist */ = {isa = PBXFileReference; lastKnownFileType = text.plist.xml; path = Info.plist; sourceTree = "<group>"; };
		7AA495CA24377A5A007692E4 /* PeriodRepository.swift */ = {isa = PBXFileReference; lastKnownFileType = sourcecode.swift; path = PeriodRepository.swift; sourceTree = "<group>"; };
		7AA495CC243783EE007692E4 /* EntertainmentRepository.swift */ = {isa = PBXFileReference; lastKnownFileType = sourcecode.swift; path = EntertainmentRepository.swift; sourceTree = "<group>"; };
		7AA495CE243786B6007692E4 /* ExpenseRepository.swift */ = {isa = PBXFileReference; lastKnownFileType = sourcecode.swift; path = ExpenseRepository.swift; sourceTree = "<group>"; };
		7ABDE8C3243C67A400B2F611 /* EditExpenseViewController.swift */ = {isa = PBXFileReference; lastKnownFileType = sourcecode.swift; path = EditExpenseViewController.swift; sourceTree = "<group>"; };
		7ABDE8C6243C7FE300B2F611 /* UIColorExtension.swift */ = {isa = PBXFileReference; lastKnownFileType = sourcecode.swift; path = UIColorExtension.swift; sourceTree = "<group>"; };
		7ABDE8C9243C86F100B2F611 /* CurrencyFormatter.swift */ = {isa = PBXFileReference; lastKnownFileType = sourcecode.swift; path = CurrencyFormatter.swift; sourceTree = "<group>"; };
		8D42D6362441EA70000ABA45 /* PreferencesOnboardingCell.swift */ = {isa = PBXFileReference; lastKnownFileType = sourcecode.swift; path = PreferencesOnboardingCell.swift; sourceTree = "<group>"; };
		8D42D6372441EA70000ABA45 /* PreferencesOnboardingCell.xib */ = {isa = PBXFileReference; lastKnownFileType = file.xib; path = PreferencesOnboardingCell.xib; sourceTree = "<group>"; };
		8DEDFB50243F16C500623CCA /* OnboardingViewController.swift */ = {isa = PBXFileReference; lastKnownFileType = sourcecode.swift; path = OnboardingViewController.swift; sourceTree = "<group>"; };
		BA02EF7124408EA00082BA83 /* EntertainmentPreferenceTableViewCell.swift */ = {isa = PBXFileReference; lastKnownFileType = sourcecode.swift; path = EntertainmentPreferenceTableViewCell.swift; sourceTree = "<group>"; };
		BA1EB7B92442CEE700248DBC /* BudgetDetailTableViewController.swift */ = {isa = PBXFileReference; lastKnownFileType = sourcecode.swift; path = BudgetDetailTableViewController.swift; sourceTree = "<group>"; };
		BA1EB7BB2442D11000248DBC /* BudgetViewController.swift */ = {isa = PBXFileReference; lastKnownFileType = sourcecode.swift; path = BudgetViewController.swift; sourceTree = "<group>"; };
		BA1EB7BE2443277200248DBC /* Budget.swift */ = {isa = PBXFileReference; lastKnownFileType = sourcecode.swift; path = Budget.swift; sourceTree = "<group>"; };
		BA29EA15243D107500CAA028 /* RecommendationTableViewCell.swift */ = {isa = PBXFileReference; lastKnownFileType = sourcecode.swift; path = RecommendationTableViewCell.swift; sourceTree = "<group>"; };
		BA43174C243D9CEA00E8F4A3 /* ProgressBudgetTableViewCell.swift */ = {isa = PBXFileReference; lastKnownFileType = sourcecode.swift; path = ProgressBudgetTableViewCell.swift; sourceTree = "<group>"; };
		BA43174E243DA82A00E8F4A3 /* BudgetChartTableViewCell.swift */ = {isa = PBXFileReference; lastKnownFileType = sourcecode.swift; path = BudgetChartTableViewCell.swift; sourceTree = "<group>"; };
		BA4CC3AD243E19370040875D /* LastExpensesTableViewCell.swift */ = {isa = PBXFileReference; lastKnownFileType = sourcecode.swift; path = LastExpensesTableViewCell.swift; sourceTree = "<group>"; };
		BA4CC3AF243E2D450040875D /* TopStoriesDashboardTableViewCell.swift */ = {isa = PBXFileReference; lastKnownFileType = sourcecode.swift; path = TopStoriesDashboardTableViewCell.swift; sourceTree = "<group>"; };
		BA5CF05A2441458B00059C50 /* PreferenceTableViewController.swift */ = {isa = PBXFileReference; lastKnownFileType = sourcecode.swift; path = PreferenceTableViewController.swift; sourceTree = "<group>"; };
		BA644A5B243C2D2700AA3B4A /* RecommendationCollectionViewCell.swift */ = {isa = PBXFileReference; lastKnownFileType = sourcecode.swift; path = RecommendationCollectionViewCell.swift; sourceTree = "<group>"; };
		BA644A5C243C2D2700AA3B4A /* RecommendationCollectionViewCell.xib */ = {isa = PBXFileReference; lastKnownFileType = file.xib; path = RecommendationCollectionViewCell.xib; sourceTree = "<group>"; };
		BA8BB57A2440AF9F00983EC6 /* EntertainmentTableViewController.swift */ = {isa = PBXFileReference; lastKnownFileType = sourcecode.swift; path = EntertainmentTableViewController.swift; sourceTree = "<group>"; };
		BADD6E93244247FE0073FC7D /* RefreshDataDelegate.swift */ = {isa = PBXFileReference; lastKnownFileType = sourcecode.swift; path = RefreshDataDelegate.swift; sourceTree = "<group>"; };
		F00613A7243DC32E00A74F2E /* ChartImageView.swift */ = {isa = PBXFileReference; lastKnownFileType = sourcecode.swift; path = ChartImageView.swift; sourceTree = "<group>"; };
/* End PBXFileReference section */

/* Begin PBXFrameworksBuildPhase section */
		7AA49572243730F0007692E4 /* Frameworks */ = {
			isa = PBXFrameworksBuildPhase;
			buildActionMask = 2147483647;
			files = (
			);
			runOnlyForDeploymentPostprocessing = 0;
		};
/* End PBXFrameworksBuildPhase section */

/* Begin PBXGroup section */
		7A39AE59243F297C00CDE96E /* Entertainment */ = {
			isa = PBXGroup;
			children = (
				7A210A49243DE304002107B7 /* AddEntertainmentViewController.swift */,
				7A39AE5A243F324200CDE96E /* EditEntertainmentViewController.swift */,
				BA8BB57A2440AF9F00983EC6 /* EntertainmentTableViewController.swift */,
			);
			path = Entertainment;
			sourceTree = "<group>";
		};
		7AA4956C243730F0007692E4 = {
			isa = PBXGroup;
			children = (
				7AA49577243730F0007692E4 /* FuelLife */,
				7AA49576243730F0007692E4 /* Products */,
			);
			sourceTree = "<group>";
		};
		7AA49576243730F0007692E4 /* Products */ = {
			isa = PBXGroup;
			children = (
				7AA49575243730F0007692E4 /* Kuy!.app */,
			);
			name = Products;
			sourceTree = "<group>";
		};
		7AA49577243730F0007692E4 /* FuelLife */ = {
			isa = PBXGroup;
			children = (
				BA1EB7BD2443276200248DBC /* Model */,
				BA644A5A243C2D0000AA3B4A /* View */,
				BAD7319C2439016000E23E39 /* Controller */,
				7AA495D02437883C007692E4 /* Repositories */,
				BADD6E92244247BB0073FC7D /* Protocol */,
				7ABDE8C8243C800000B2F611 /* Utilities */,
				7AA49584243730F1007692E4 /* Assets.xcassets */,
				7AA49578243730F0007692E4 /* AppDelegate.swift */,
				7AA4957A243730F0007692E4 /* SceneDelegate.swift */,
				7AA49589243730F1007692E4 /* Info.plist */,
				7AA49581243730F0007692E4 /* FuelLife.xcdatamodeld */,
			);
			path = FuelLife;
			sourceTree = "<group>";
		};
		7AA495D02437883C007692E4 /* Repositories */ = {
			isa = PBXGroup;
			children = (
				7AA495CA24377A5A007692E4 /* PeriodRepository.swift */,
				7AA495CC243783EE007692E4 /* EntertainmentRepository.swift */,
				7AA495CE243786B6007692E4 /* ExpenseRepository.swift */,
			);
			path = Repositories;
			sourceTree = "<group>";
		};
		7ABDE8C5243C7E4700B2F611 /* Expenses */ = {
			isa = PBXGroup;
			children = (
				7A21F2612439C52900F01389 /* ExpenseHistoryViewController.swift */,
				7ABDE8C3243C67A400B2F611 /* EditExpenseViewController.swift */,
				7A58E900243BA67100D83986 /* ExpenseDetailViewController.swift */,
				7A58E8FE243B8ED300D83986 /* AddExpenseViewController.swift */,
			);
			path = Expenses;
			sourceTree = "<group>";
		};
		7ABDE8C8243C800000B2F611 /* Utilities */ = {
			isa = PBXGroup;
			children = (
				7ABDE8C6243C7FE300B2F611 /* UIColorExtension.swift */,
				7ABDE8C9243C86F100B2F611 /* CurrencyFormatter.swift */,
			);
			path = Utilities;
			sourceTree = "<group>";
		};
		8DEDFB4F243F16A100623CCA /* Onboarding */ = {
			isa = PBXGroup;
			children = (
				8DEDFB50243F16C500623CCA /* OnboardingViewController.swift */,
				8D42D6362441EA70000ABA45 /* PreferencesOnboardingCell.swift */,
				8D42D6372441EA70000ABA45 /* PreferencesOnboardingCell.xib */,
			);
			path = Onboarding;
			sourceTree = "<group>";
		};
		BA02EF7024408E4A0082BA83 /* Preference */ = {
			isa = PBXGroup;
			children = (
				BA02EF7124408EA00082BA83 /* EntertainmentPreferenceTableViewCell.swift */,
			);
			path = Preference;
			sourceTree = "<group>";
		};
		BA1EB7B82442CEBD00248DBC /* Budget */ = {
			isa = PBXGroup;
			children = (
				BA1EB7B92442CEE700248DBC /* BudgetDetailTableViewController.swift */,
				BA1EB7BB2442D11000248DBC /* BudgetViewController.swift */,
			);
			path = Budget;
			sourceTree = "<group>";
		};
		BA1EB7BD2443276200248DBC /* Model */ = {
			isa = PBXGroup;
			children = (
				BA1EB7BE2443277200248DBC /* Budget.swift */,
			);
			path = Model;
			sourceTree = "<group>";
		};
		BA5CF0592441456800059C50 /* Preference */ = {
			isa = PBXGroup;
			children = (
				BA5CF05A2441458B00059C50 /* PreferenceTableViewController.swift */,
			);
			path = Preference;
			sourceTree = "<group>";
		};
		BA644A59243C2CF600AA3B4A /* Dashboard */ = {
			isa = PBXGroup;
			children = (
				F00613A7243DC32E00A74F2E /* ChartImageView.swift */,
				BA644A5B243C2D2700AA3B4A /* RecommendationCollectionViewCell.swift */,
				BA644A5C243C2D2700AA3B4A /* RecommendationCollectionViewCell.xib */,
				BA29EA15243D107500CAA028 /* RecommendationTableViewCell.swift */,
				BA43174C243D9CEA00E8F4A3 /* ProgressBudgetTableViewCell.swift */,
				BA43174E243DA82A00E8F4A3 /* BudgetChartTableViewCell.swift */,
				BA4CC3AD243E19370040875D /* LastExpensesTableViewCell.swift */,
				BA4CC3AF243E2D450040875D /* TopStoriesDashboardTableViewCell.swift */,
			);
			path = Dashboard;
			sourceTree = "<group>";
		};
		BA644A5A243C2D0000AA3B4A /* View */ = {
			isa = PBXGroup;
			children = (
				7AA4957E243730F0007692E4 /* Main.storyboard */,
				7AA49586243730F1007692E4 /* LaunchScreen.storyboard */,
				BA644A59243C2CF600AA3B4A /* Dashboard */,
				BAE14237243FBED600623328 /* Expense */,
				BA02EF7024408E4A0082BA83 /* Preference */,
			);
			path = View;
			sourceTree = "<group>";
		};
		BA890F09243DFC15007CA962 /* Dashboard */ = {
			isa = PBXGroup;
			children = (
				7AA4957C243730F0007692E4 /* DashboardController.swift */,
			);
			path = Dashboard;
			sourceTree = "<group>";
		};
		BAD7319C2439016000E23E39 /* Controller */ = {
			isa = PBXGroup;
			children = (
				8DEDFB4F243F16A100623CCA /* Onboarding */,
				BA1EB7B82442CEBD00248DBC /* Budget */,
				BA5CF0592441456800059C50 /* Preference */,
				BA890F09243DFC15007CA962 /* Dashboard */,
				7A39AE59243F297C00CDE96E /* Entertainment */,
				7ABDE8C5243C7E4700B2F611 /* Expenses */,
			);
			path = Controller;
			sourceTree = "<group>";
		};
		BADD6E92244247BB0073FC7D /* Protocol */ = {
			isa = PBXGroup;
			children = (
				BADD6E93244247FE0073FC7D /* RefreshDataDelegate.swift */,
			);
			path = Protocol;
			sourceTree = "<group>";
		};
		BAE14237243FBED600623328 /* Expense */ = {
			isa = PBXGroup;
			children = (
				7A21F2632439C65C00F01389 /* ExpenseTableViewCell.swift */,
			);
			path = Expense;
			sourceTree = "<group>";
		};
/* End PBXGroup section */

/* Begin PBXNativeTarget section */
		7AA49574243730F0007692E4 /* FuelLife */ = {
			isa = PBXNativeTarget;
			buildConfigurationList = 7AA4958C243730F1007692E4 /* Build configuration list for PBXNativeTarget "FuelLife" */;
			buildPhases = (
				7AA49571243730F0007692E4 /* Sources */,
				7AA49572243730F0007692E4 /* Frameworks */,
				7AA49573243730F0007692E4 /* Resources */,
			);
			buildRules = (
			);
			dependencies = (
			);
			name = FuelLife;
			productName = FuelLife;
			productReference = 7AA49575243730F0007692E4 /* Kuy!.app */;
			productType = "com.apple.product-type.application";
		};
/* End PBXNativeTarget section */

/* Begin PBXProject section */
		7AA4956D243730F0007692E4 /* Project object */ = {
			isa = PBXProject;
			attributes = {
				LastSwiftUpdateCheck = 1130;
				LastUpgradeCheck = 1130;
				ORGANIZATIONNAME = "Team 10";
				TargetAttributes = {
					7AA49574243730F0007692E4 = {
						CreatedOnToolsVersion = 11.3.1;
					};
				};
			};
			buildConfigurationList = 7AA49570243730F0007692E4 /* Build configuration list for PBXProject "FuelLife" */;
			compatibilityVersion = "Xcode 9.3";
			developmentRegion = en;
			hasScannedForEncodings = 0;
			knownRegions = (
				en,
				Base,
			);
			mainGroup = 7AA4956C243730F0007692E4;
			productRefGroup = 7AA49576243730F0007692E4 /* Products */;
			projectDirPath = "";
			projectRoot = "";
			targets = (
				7AA49574243730F0007692E4 /* FuelLife */,
			);
		};
/* End PBXProject section */

/* Begin PBXResourcesBuildPhase section */
		7AA49573243730F0007692E4 /* Resources */ = {
			isa = PBXResourcesBuildPhase;
			buildActionMask = 2147483647;
			files = (
				7AA49588243730F1007692E4 /* LaunchScreen.storyboard in Resources */,
				BA644A5E243C2D2700AA3B4A /* RecommendationCollectionViewCell.xib in Resources */,
				7AA49585243730F1007692E4 /* Assets.xcassets in Resources */,
				7AA49580243730F0007692E4 /* Main.storyboard in Resources */,
				8D42D6392441EA70000ABA45 /* PreferencesOnboardingCell.xib in Resources */,
			);
			runOnlyForDeploymentPostprocessing = 0;
		};
/* End PBXResourcesBuildPhase section */

/* Begin PBXSourcesBuildPhase section */
		7AA49571243730F0007692E4 /* Sources */ = {
			isa = PBXSourcesBuildPhase;
			buildActionMask = 2147483647;
			files = (
				7AA4957D243730F0007692E4 /* DashboardController.swift in Sources */,
				7ABDE8C7243C7FE300B2F611 /* UIColorExtension.swift in Sources */,
				BA1EB7BF2443277200248DBC /* Budget.swift in Sources */,
				7AA49583243730F0007692E4 /* FuelLife.xcdatamodeld in Sources */,
				7A39AE5B243F324200CDE96E /* EditEntertainmentViewController.swift in Sources */,
				BA5CF05B2441458B00059C50 /* PreferenceTableViewController.swift in Sources */,
				7A210A4A243DE304002107B7 /* AddEntertainmentViewController.swift in Sources */,
				BADD6E94244247FE0073FC7D /* RefreshDataDelegate.swift in Sources */,
				BA1EB7BC2442D11000248DBC /* BudgetViewController.swift in Sources */,
				7AA49579243730F0007692E4 /* AppDelegate.swift in Sources */,
				BA43174F243DA82A00E8F4A3 /* BudgetChartTableViewCell.swift in Sources */,
				7ABDE8CA243C86F100B2F611 /* CurrencyFormatter.swift in Sources */,
				F00613A8243DC32E00A74F2E /* ChartImageView.swift in Sources */,
				7ABDE8C4243C67A400B2F611 /* EditExpenseViewController.swift in Sources */,
				7A58E901243BA67100D83986 /* ExpenseDetailViewController.swift in Sources */,
				8DEDFB51243F16C500623CCA /* OnboardingViewController.swift in Sources */,
				BA4CC3B0243E2D450040875D /* TopStoriesDashboardTableViewCell.swift in Sources */,
				7A21F2642439C65C00F01389 /* ExpenseTableViewCell.swift in Sources */,
				BA02EF7224408EA00082BA83 /* EntertainmentPreferenceTableViewCell.swift in Sources */,
				7AA495CB24377A5A007692E4 /* PeriodRepository.swift in Sources */,
				8D42D6382441EA70000ABA45 /* PreferencesOnboardingCell.swift in Sources */,
				7AA495CD243783EE007692E4 /* EntertainmentRepository.swift in Sources */,
				BA29EA16243D107500CAA028 /* RecommendationTableViewCell.swift in Sources */,
				BA644A5D243C2D2700AA3B4A /* RecommendationCollectionViewCell.swift in Sources */,
				BA43174D243D9CEA00E8F4A3 /* ProgressBudgetTableViewCell.swift in Sources */,
				BA8BB57B2440AF9F00983EC6 /* EntertainmentTableViewController.swift in Sources */,
				7AA4957B243730F0007692E4 /* SceneDelegate.swift in Sources */,
				BA4CC3AE243E19370040875D /* LastExpensesTableViewCell.swift in Sources */,
				7A58E8FF243B8ED300D83986 /* AddExpenseViewController.swift in Sources */,
				BA1EB7BA2442CEE700248DBC /* BudgetDetailTableViewController.swift in Sources */,
				7A21F2622439C52900F01389 /* ExpenseHistoryViewController.swift in Sources */,
				7AA495CF243786B6007692E4 /* ExpenseRepository.swift in Sources */,
			);
			runOnlyForDeploymentPostprocessing = 0;
		};
/* End PBXSourcesBuildPhase section */

/* Begin PBXVariantGroup section */
		7AA4957E243730F0007692E4 /* Main.storyboard */ = {
			isa = PBXVariantGroup;
			children = (
				7AA4957F243730F0007692E4 /* Base */,
			);
			name = Main.storyboard;
			sourceTree = "<group>";
		};
		7AA49586243730F1007692E4 /* LaunchScreen.storyboard */ = {
			isa = PBXVariantGroup;
			children = (
				7AA49587243730F1007692E4 /* Base */,
			);
			name = LaunchScreen.storyboard;
			sourceTree = "<group>";
		};
/* End PBXVariantGroup section */

/* Begin XCBuildConfiguration section */
		7AA4958A243730F1007692E4 /* Debug */ = {
			isa = XCBuildConfiguration;
			buildSettings = {
				ALWAYS_SEARCH_USER_PATHS = NO;
				CLANG_ANALYZER_NONNULL = YES;
				CLANG_ANALYZER_NUMBER_OBJECT_CONVERSION = YES_AGGRESSIVE;
				CLANG_CXX_LANGUAGE_STANDARD = "gnu++14";
				CLANG_CXX_LIBRARY = "libc++";
				CLANG_ENABLE_MODULES = YES;
				CLANG_ENABLE_OBJC_ARC = YES;
				CLANG_ENABLE_OBJC_WEAK = YES;
				CLANG_WARN_BLOCK_CAPTURE_AUTORELEASING = YES;
				CLANG_WARN_BOOL_CONVERSION = YES;
				CLANG_WARN_COMMA = YES;
				CLANG_WARN_CONSTANT_CONVERSION = YES;
				CLANG_WARN_DEPRECATED_OBJC_IMPLEMENTATIONS = YES;
				CLANG_WARN_DIRECT_OBJC_ISA_USAGE = YES_ERROR;
				CLANG_WARN_DOCUMENTATION_COMMENTS = YES;
				CLANG_WARN_EMPTY_BODY = YES;
				CLANG_WARN_ENUM_CONVERSION = YES;
				CLANG_WARN_INFINITE_RECURSION = YES;
				CLANG_WARN_INT_CONVERSION = YES;
				CLANG_WARN_NON_LITERAL_NULL_CONVERSION = YES;
				CLANG_WARN_OBJC_IMPLICIT_RETAIN_SELF = YES;
				CLANG_WARN_OBJC_LITERAL_CONVERSION = YES;
				CLANG_WARN_OBJC_ROOT_CLASS = YES_ERROR;
				CLANG_WARN_RANGE_LOOP_ANALYSIS = YES;
				CLANG_WARN_STRICT_PROTOTYPES = YES;
				CLANG_WARN_SUSPICIOUS_MOVE = YES;
				CLANG_WARN_UNGUARDED_AVAILABILITY = YES_AGGRESSIVE;
				CLANG_WARN_UNREACHABLE_CODE = YES;
				CLANG_WARN__DUPLICATE_METHOD_MATCH = YES;
				COPY_PHASE_STRIP = NO;
				DEBUG_INFORMATION_FORMAT = dwarf;
				ENABLE_STRICT_OBJC_MSGSEND = YES;
				ENABLE_TESTABILITY = YES;
				GCC_C_LANGUAGE_STANDARD = gnu11;
				GCC_DYNAMIC_NO_PIC = NO;
				GCC_NO_COMMON_BLOCKS = YES;
				GCC_OPTIMIZATION_LEVEL = 0;
				GCC_PREPROCESSOR_DEFINITIONS = (
					"DEBUG=1",
					"$(inherited)",
				);
				GCC_WARN_64_TO_32_BIT_CONVERSION = YES;
				GCC_WARN_ABOUT_RETURN_TYPE = YES_ERROR;
				GCC_WARN_UNDECLARED_SELECTOR = YES;
				GCC_WARN_UNINITIALIZED_AUTOS = YES_AGGRESSIVE;
				GCC_WARN_UNUSED_FUNCTION = YES;
				GCC_WARN_UNUSED_VARIABLE = YES;
				IPHONEOS_DEPLOYMENT_TARGET = 13.2;
				MTL_ENABLE_DEBUG_INFO = INCLUDE_SOURCE;
				MTL_FAST_MATH = YES;
				ONLY_ACTIVE_ARCH = YES;
				SDKROOT = iphoneos;
				SWIFT_ACTIVE_COMPILATION_CONDITIONS = DEBUG;
				SWIFT_OPTIMIZATION_LEVEL = "-Onone";
			};
			name = Debug;
		};
		7AA4958B243730F1007692E4 /* Release */ = {
			isa = XCBuildConfiguration;
			buildSettings = {
				ALWAYS_SEARCH_USER_PATHS = NO;
				CLANG_ANALYZER_NONNULL = YES;
				CLANG_ANALYZER_NUMBER_OBJECT_CONVERSION = YES_AGGRESSIVE;
				CLANG_CXX_LANGUAGE_STANDARD = "gnu++14";
				CLANG_CXX_LIBRARY = "libc++";
				CLANG_ENABLE_MODULES = YES;
				CLANG_ENABLE_OBJC_ARC = YES;
				CLANG_ENABLE_OBJC_WEAK = YES;
				CLANG_WARN_BLOCK_CAPTURE_AUTORELEASING = YES;
				CLANG_WARN_BOOL_CONVERSION = YES;
				CLANG_WARN_COMMA = YES;
				CLANG_WARN_CONSTANT_CONVERSION = YES;
				CLANG_WARN_DEPRECATED_OBJC_IMPLEMENTATIONS = YES;
				CLANG_WARN_DIRECT_OBJC_ISA_USAGE = YES_ERROR;
				CLANG_WARN_DOCUMENTATION_COMMENTS = YES;
				CLANG_WARN_EMPTY_BODY = YES;
				CLANG_WARN_ENUM_CONVERSION = YES;
				CLANG_WARN_INFINITE_RECURSION = YES;
				CLANG_WARN_INT_CONVERSION = YES;
				CLANG_WARN_NON_LITERAL_NULL_CONVERSION = YES;
				CLANG_WARN_OBJC_IMPLICIT_RETAIN_SELF = YES;
				CLANG_WARN_OBJC_LITERAL_CONVERSION = YES;
				CLANG_WARN_OBJC_ROOT_CLASS = YES_ERROR;
				CLANG_WARN_RANGE_LOOP_ANALYSIS = YES;
				CLANG_WARN_STRICT_PROTOTYPES = YES;
				CLANG_WARN_SUSPICIOUS_MOVE = YES;
				CLANG_WARN_UNGUARDED_AVAILABILITY = YES_AGGRESSIVE;
				CLANG_WARN_UNREACHABLE_CODE = YES;
				CLANG_WARN__DUPLICATE_METHOD_MATCH = YES;
				COPY_PHASE_STRIP = NO;
				DEBUG_INFORMATION_FORMAT = "dwarf-with-dsym";
				ENABLE_NS_ASSERTIONS = NO;
				ENABLE_STRICT_OBJC_MSGSEND = YES;
				GCC_C_LANGUAGE_STANDARD = gnu11;
				GCC_NO_COMMON_BLOCKS = YES;
				GCC_WARN_64_TO_32_BIT_CONVERSION = YES;
				GCC_WARN_ABOUT_RETURN_TYPE = YES_ERROR;
				GCC_WARN_UNDECLARED_SELECTOR = YES;
				GCC_WARN_UNINITIALIZED_AUTOS = YES_AGGRESSIVE;
				GCC_WARN_UNUSED_FUNCTION = YES;
				GCC_WARN_UNUSED_VARIABLE = YES;
				IPHONEOS_DEPLOYMENT_TARGET = 13.2;
				MTL_ENABLE_DEBUG_INFO = NO;
				MTL_FAST_MATH = YES;
				SDKROOT = iphoneos;
				SWIFT_COMPILATION_MODE = wholemodule;
				SWIFT_OPTIMIZATION_LEVEL = "-O";
				VALIDATE_PRODUCT = YES;
			};
			name = Release;
		};
		7AA4958D243730F1007692E4 /* Debug */ = {
			isa = XCBuildConfiguration;
			buildSettings = {
				ASSETCATALOG_COMPILER_APPICON_NAME = AppIcon;
				CODE_SIGN_STYLE = Automatic;
				INFOPLIST_FILE = FuelLife/Info.plist;
				LD_RUNPATH_SEARCH_PATHS = (
					"$(inherited)",
					"@executable_path/Frameworks",
				);
				PRODUCT_BUNDLE_IDENTIFIER = com.team10.FuelLife;
				PRODUCT_NAME = "Kuy!";
				SWIFT_VERSION = 5.0;
				TARGETED_DEVICE_FAMILY = "1,2";
			};
			name = Debug;
		};
		7AA4958E243730F1007692E4 /* Release */ = {
			isa = XCBuildConfiguration;
			buildSettings = {
				ASSETCATALOG_COMPILER_APPICON_NAME = AppIcon;
				CODE_SIGN_STYLE = Automatic;
				INFOPLIST_FILE = FuelLife/Info.plist;
				LD_RUNPATH_SEARCH_PATHS = (
					"$(inherited)",
					"@executable_path/Frameworks",
				);
				PRODUCT_BUNDLE_IDENTIFIER = com.team10.FuelLife;
				PRODUCT_NAME = "Kuy!";
				SWIFT_VERSION = 5.0;
				TARGETED_DEVICE_FAMILY = "1,2";
			};
			name = Release;
		};
/* End XCBuildConfiguration section */

/* Begin XCConfigurationList section */
		7AA49570243730F0007692E4 /* Build configuration list for PBXProject "FuelLife" */ = {
			isa = XCConfigurationList;
			buildConfigurations = (
				7AA4958A243730F1007692E4 /* Debug */,
				7AA4958B243730F1007692E4 /* Release */,
			);
			defaultConfigurationIsVisible = 0;
			defaultConfigurationName = Release;
		};
		7AA4958C243730F1007692E4 /* Build configuration list for PBXNativeTarget "FuelLife" */ = {
			isa = XCConfigurationList;
			buildConfigurations = (
				7AA4958D243730F1007692E4 /* Debug */,
				7AA4958E243730F1007692E4 /* Release */,
			);
			defaultConfigurationIsVisible = 0;
			defaultConfigurationName = Release;
		};
/* End XCConfigurationList section */

/* Begin XCVersionGroup section */
		7AA49581243730F0007692E4 /* FuelLife.xcdatamodeld */ = {
			isa = XCVersionGroup;
			children = (
				7AA49582243730F0007692E4 /* FuelLife.xcdatamodel */,
			);
			currentVersion = 7AA49582243730F0007692E4 /* FuelLife.xcdatamodel */;
			path = FuelLife.xcdatamodeld;
			sourceTree = "<group>";
			versionGroupType = wrapper.xcdatamodel;
		};
/* End XCVersionGroup section */
	};
	rootObject = 7AA4956D243730F0007692E4 /* Project object */;
}
